
Microsoft Visual Studio Solution File, Format Version 12.00
# Visual Studio Version 17
VisualStudioVersion = 17.6.33801.468
MinimumVisualStudioVersion = 10.0.40219.1
Project("{9A19103F-16F7-4668-BE54-9A1E7A4F7556}") = "Interface", "Interface.csproj", "{7A820850-C70A-44AB-A702-6CD25F04BF7F}"
EndProject
Project("{FAE04EC0-301F-11D3-BF4B-00C04F79EFBC}") = "Interface2", "..\Interface2\Interface2.csproj", "{57C54403-31C3-4CDD-9B84-15C3A2A36005}"
EndProject
Project("{FAE04EC0-301F-11D3-BF4B-00C04F79EFBC}") = "InterfaceExample", "..\InterfaceExample\InterfaceExample.csproj", "{67811E39-A7B7-434D-A600-85413B55ED2F}"
EndProject
Global
	GlobalSection(SolutionConfigurationPlatforms) = preSolution
		Debug|Any CPU = Debug|Any CPU
		Release|Any CPU = Release|Any CPU
	EndGlobalSection
	GlobalSection(ProjectConfigurationPlatforms) = postSolution
		{7A820850-C70A-44AB-A702-6CD25F04BF7F}.Debug|Any CPU.ActiveCfg = Debug|Any CPU
		{7A820850-C70A-44AB-A702-6CD25F04BF7F}.Debug|Any CPU.Build.0 = Debug|Any CPU
		{7A820850-C70A-44AB-A702-6CD25F04BF7F}.Release|Any CPU.ActiveCfg = Release|Any CPU
		{7A820850-C70A-44AB-A702-6CD25F04BF7F}.Release|Any CPU.Build.0 = Release|Any CPU
		{57C54403-31C3-4CDD-9B84-15C3A2A36005}.Debug|Any CPU.ActiveCfg = Debug|Any CPU
		{57C54403-31C3-4CDD-9B84-15C3A2A36005}.Debug|Any CPU.Build.0 = Debug|Any CPU
		{57C54403-31C3-4CDD-9B84-15C3A2A36005}.Release|Any CPU.ActiveCfg = Release|Any CPU
		{57C54403-31C3-4CDD-9B84-15C3A2A36005}.Release|Any CPU.Build.0 = Release|Any CPU
		{67811E39-A7B7-434D-A600-85413B55ED2F}.Debug|Any CPU.ActiveCfg = Debug|Any CPU
		{67811E39-A7B7-434D-A600-85413B55ED2F}.Debug|Any CPU.Build.0 = Debug|Any CPU
		{67811E39-A7B7-434D-A600-85413B55ED2F}.Release|Any CPU.ActiveCfg = Release|Any CPU
		{67811E39-A7B7-434D-A600-85413B55ED2F}.Release|Any CPU.Build.0 = Release|Any CPU
	EndGlobalSection
	GlobalSection(SolutionProperties) = preSolution
		HideSolutionNode = FALSE
	EndGlobalSection
	GlobalSection(ExtensibilityGlobals) = postSolution
		SolutionGuid = {CBE32801-7AEF-4145-A921-E3E3E8EEB7CA}
	EndGlobalSection
EndGlobal
