
Microsoft Visual Studio Solution File, Format Version 12.00
# Visual Studio Version 17
VisualStudioVersion = 17.6.33801.468
MinimumVisualStudioVersion = 10.0.40219.1
Project("{FAE04EC0-301F-11D3-BF4B-00C04F79EFBC}") = "sum", "sum\sum.csproj", "{3859E60A-F63E-40F3-8318-2EBFFAC89CA9}"
EndProject
Global
	GlobalSection(SolutionConfigurationPlatforms) = preSolution
		Debug|Any CPU = Debug|Any CPU
		Release|Any CPU = Release|Any CPU
	EndGlobalSection
	GlobalSection(ProjectConfigurationPlatforms) = postSolution
		{3859E60A-F63E-40F3-8318-2EBFFAC89CA9}.Debug|Any CPU.ActiveCfg = Debug|Any CPU
		{3859E60A-F63E-40F3-8318-2EBFFAC89CA9}.Debug|Any CPU.Build.0 = Debug|Any CPU
		{3859E60A-F63E-40F3-8318-2EBFFAC89CA9}.Release|Any CPU.ActiveCfg = Release|Any CPU
		{3859E60A-F63E-40F3-8318-2EBFFAC89CA9}.Release|Any CPU.Build.0 = Release|Any CPU
	EndGlobalSection
	GlobalSection(SolutionProperties) = preSolution
		HideSolutionNode = FALSE
	EndGlobalSection
	GlobalSection(ExtensibilityGlobals) = postSolution
		SolutionGuid = {1076B6AF-245C-44DC-A7ED-DB4714D5E615}
	EndGlobalSection
EndGlobal
