
Microsoft Visual Studio Solution File, Format Version 12.00
# Visual Studio Version 17
VisualStudioVersion = 17.6.33801.468
MinimumVisualStudioVersion = 10.0.40219.1
Project("{FAE04EC0-301F-11D3-BF4B-00C04F79EFBC}") = "EnumExamlpe", "EnumExamlpe\EnumExamlpe.csproj", "{15227E29-A26C-4B13-BC53-4F5FC313BAC7}"
EndProject
Global
	GlobalSection(SolutionConfigurationPlatforms) = preSolution
		Debug|Any CPU = Debug|Any CPU
		Release|Any CPU = Release|Any CPU
	EndGlobalSection
	GlobalSection(ProjectConfigurationPlatforms) = postSolution
		{15227E29-A26C-4B13-BC53-4F5FC313BAC7}.Debug|Any CPU.ActiveCfg = Debug|Any CPU
		{15227E29-A26C-4B13-BC53-4F5FC313BAC7}.Debug|Any CPU.Build.0 = Debug|Any CPU
		{15227E29-A26C-4B13-BC53-4F5FC313BAC7}.Release|Any CPU.ActiveCfg = Release|Any CPU
		{15227E29-A26C-4B13-BC53-4F5FC313BAC7}.Release|Any CPU.Build.0 = Release|Any CPU
	EndGlobalSection
	GlobalSection(SolutionProperties) = preSolution
		HideSolutionNode = FALSE
	EndGlobalSection
	GlobalSection(ExtensibilityGlobals) = postSolution
		SolutionGuid = {99D30D10-CB0A-49C6-A1DF-837236243A4B}
	EndGlobalSection
EndGlobal
